// !$*UTF8*$!
{
	archiveVersion = 1;
	classes = {
	};
	objectVersion = 48;
	objects = {

/* Begin PBXBuildFile section */
		06358F664644CADE88A65342 /* libPods-YHPhotoBrowser.a in Frameworks */ = {isa = PBXBuildFile; fileRef = 30203BC2B45E4C95F3FF9AE2 /* libPods-YHPhotoBrowser.a */; };
		3F8A342C1F90AFDE00B498EA /* AppDelegate.m in Sources */ = {isa = PBXBuildFile; fileRef = 3F8A342B1F90AFDE00B498EA /* AppDelegate.m */; };
		3F8A342F1F90AFDE00B498EA /* ViewController.m in Sources */ = {isa = PBXBuildFile; fileRef = 3F8A342E1F90AFDE00B498EA /* ViewController.m */; };
		3F8A34321F90AFDE00B498EA /* Main.storyboard in Resources */ = {isa = PBXBuildFile; fileRef = 3F8A34301F90AFDE00B498EA /* Main.storyboard */; };
		3F8A34341F90AFDE00B498EA /* Assets.xcassets in Resources */ = {isa = PBXBuildFile; fileRef = 3F8A34331F90AFDE00B498EA /* Assets.xcassets */; };
		3F8A34371F90AFDE00B498EA /* LaunchScreen.storyboard in Resources */ = {isa = PBXBuildFile; fileRef = 3F8A34351F90AFDE00B498EA /* LaunchScreen.storyboard */; };
		3F8A343A1F90AFDE00B498EA /* main.m in Sources */ = {isa = PBXBuildFile; fileRef = 3F8A34391F90AFDE00B498EA /* main.m */; };
		3F8A34441F90AFDF00B498EA /* YHPhotoBrowserTests.m in Sources */ = {isa = PBXBuildFile; fileRef = 3F8A34431F90AFDF00B498EA /* YHPhotoBrowserTests.m */; };
		3F8A344F1F90AFDF00B498EA /* YHPhotoBrowserUITests.m in Sources */ = {isa = PBXBuildFile; fileRef = 3F8A344E1F90AFDF00B498EA /* YHPhotoBrowserUITests.m */; };
		4B2712AC20A5830E0029A93A /* YHBrowserImageView.m in Sources */ = {isa = PBXBuildFile; fileRef = 4B2712A720A5830E0029A93A /* YHBrowserImageView.m */; };
		4B2712AD20A5830E0029A93A /* YHPhotoBrowser.m in Sources */ = {isa = PBXBuildFile; fileRef = 4B2712A920A5830E0029A93A /* YHPhotoBrowser.m */; };
		4B2712AE20A5830E0029A93A /* YHWebImageLoadView.m in Sources */ = {isa = PBXBuildFile; fileRef = 4B2712AA20A5830E0029A93A /* YHWebImageLoadView.m */; };
/* End PBXBuildFile section */

/* Begin PBXContainerItemProxy section */
		3F8A34401F90AFDE00B498EA /* PBXContainerItemProxy */ = {
			isa = PBXContainerItemProxy;
			containerPortal = 3F8A341F1F90AFDE00B498EA /* Project object */;
			proxyType = 1;
			remoteGlobalIDString = 3F8A34261F90AFDE00B498EA;
			remoteInfo = YHPhotoBrowser;
		};
		3F8A344B1F90AFDF00B498EA /* PBXContainerItemProxy */ = {
			isa = PBXContainerItemProxy;
			containerPortal = 3F8A341F1F90AFDE00B498EA /* Project object */;
			proxyType = 1;
			remoteGlobalIDString = 3F8A34261F90AFDE00B498EA;
			remoteInfo = YHPhotoBrowser;
		};
/* End PBXContainerItemProxy section */

/* Begin PBXFileReference section */
		30203BC2B45E4C95F3FF9AE2 /* libPods-YHPhotoBrowser.a */ = {isa = PBXFileReference; explicitFileType = archive.ar; includeInIndex = 0; path = "libPods-YHPhotoBrowser.a"; sourceTree = BUILT_PRODUCTS_DIR; };
		3F8A34271F90AFDE00B498EA /* YHPhotoBrowser.app */ = {isa = PBXFileReference; explicitFileType = wrapper.application; includeInIndex = 0; path = YHPhotoBrowser.app; sourceTree = BUILT_PRODUCTS_DIR; };
		3F8A342A1F90AFDE00B498EA /* AppDelegate.h */ = {isa = PBXFileReference; lastKnownFileType = sourcecode.c.h; path = AppDelegate.h; sourceTree = "<group>"; };
		3F8A342B1F90AFDE00B498EA /* AppDelegate.m */ = {isa = PBXFileReference; lastKnownFileType = sourcecode.c.objc; path = AppDelegate.m; sourceTree = "<group>"; };
		3F8A342D1F90AFDE00B498EA /* ViewController.h */ = {isa = PBXFileReference; lastKnownFileType = sourcecode.c.h; path = ViewController.h; sourceTree = "<group>"; };
		3F8A342E1F90AFDE00B498EA /* ViewController.m */ = {isa = PBXFileReference; lastKnownFileType = sourcecode.c.objc; path = ViewController.m; sourceTree = "<group>"; };
		3F8A34311F90AFDE00B498EA /* Base */ = {isa = PBXFileReference; lastKnownFileType = file.storyboard; name = Base; path = Base.lproj/Main.storyboard; sourceTree = "<group>"; };
		3F8A34331F90AFDE00B498EA /* Assets.xcassets */ = {isa = PBXFileReference; lastKnownFileType = folder.assetcatalog; path = Assets.xcassets; sourceTree = "<group>"; };
		3F8A34361F90AFDE00B498EA /* Base */ = {isa = PBXFileReference; lastKnownFileType = file.storyboard; name = Base; path = Base.lproj/LaunchScreen.storyboard; sourceTree = "<group>"; };
		3F8A34381F90AFDE00B498EA /* Info.plist */ = {isa = PBXFileReference; lastKnownFileType = text.plist.xml; path = Info.plist; sourceTree = "<group>"; };
		3F8A34391F90AFDE00B498EA /* main.m */ = {isa = PBXFileReference; lastKnownFileType = sourcecode.c.objc; path = main.m; sourceTree = "<group>"; };
		3F8A343F1F90AFDE00B498EA /* YHPhotoBrowserTests.xctest */ = {isa = PBXFileReference; explicitFileType = wrapper.cfbundle; includeInIndex = 0; path = YHPhotoBrowserTests.xctest; sourceTree = BUILT_PRODUCTS_DIR; };
		3F8A34431F90AFDF00B498EA /* YHPhotoBrowserTests.m */ = {isa = PBXFileReference; lastKnownFileType = sourcecode.c.objc; path = YHPhotoBrowserTests.m; sourceTree = "<group>"; };
		3F8A34451F90AFDF00B498EA /* Info.plist */ = {isa = PBXFileReference; lastKnownFileType = text.plist.xml; path = Info.plist; sourceTree = "<group>"; };
		3F8A344A1F90AFDF00B498EA /* YHPhotoBrowserUITests.xctest */ = {isa = PBXFileReference; explicitFileType = wrapper.cfbundle; includeInIndex = 0; path = YHPhotoBrowserUITests.xctest; sourceTree = BUILT_PRODUCTS_DIR; };
		3F8A344E1F90AFDF00B498EA /* YHPhotoBrowserUITests.m */ = {isa = PBXFileReference; lastKnownFileType = sourcecode.c.objc; path = YHPhotoBrowserUITests.m; sourceTree = "<group>"; };
		3F8A34501F90AFDF00B498EA /* Info.plist */ = {isa = PBXFileReference; lastKnownFileType = text.plist.xml; path = Info.plist; sourceTree = "<group>"; };
		4B2712A620A5830E0029A93A /* YHWebImageLoadView.h */ = {isa = PBXFileReference; fileEncoding = 4; lastKnownFileType = sourcecode.c.h; path = YHWebImageLoadView.h; sourceTree = "<group>"; };
		4B2712A720A5830E0029A93A /* YHBrowserImageView.m */ = {isa = PBXFileReference; fileEncoding = 4; lastKnownFileType = sourcecode.c.objc; path = YHBrowserImageView.m; sourceTree = "<group>"; };
		4B2712A820A5830E0029A93A /* YHPhotoBrowser.h */ = {isa = PBXFileReference; fileEncoding = 4; lastKnownFileType = sourcecode.c.h; path = YHPhotoBrowser.h; sourceTree = "<group>"; };
		4B2712A920A5830E0029A93A /* YHPhotoBrowser.m */ = {isa = PBXFileReference; fileEncoding = 4; lastKnownFileType = sourcecode.c.objc; path = YHPhotoBrowser.m; sourceTree = "<group>"; };
		4B2712AA20A5830E0029A93A /* YHWebImageLoadView.m */ = {isa = PBXFileReference; fileEncoding = 4; lastKnownFileType = sourcecode.c.objc; path = YHWebImageLoadView.m; sourceTree = "<group>"; };
		4B2712AB20A5830E0029A93A /* YHBrowserImageView.h */ = {isa = PBXFileReference; fileEncoding = 4; lastKnownFileType = sourcecode.c.h; path = YHBrowserImageView.h; sourceTree = "<group>"; };
		7FBE82CE08CFFF8BBF8F1EB0 /* Pods-YHPhotoBrowser.release.xcconfig */ = {isa = PBXFileReference; includeInIndex = 1; lastKnownFileType = text.xcconfig; name = "Pods-YHPhotoBrowser.release.xcconfig"; path = "Pods/Target Support Files/Pods-YHPhotoBrowser/Pods-YHPhotoBrowser.release.xcconfig"; sourceTree = "<group>"; };
		DCADB3372E4159A55E098E5C /* Pods-YHPhotoBrowser.debug.xcconfig */ = {isa = PBXFileReference; includeInIndex = 1; lastKnownFileType = text.xcconfig; name = "Pods-YHPhotoBrowser.debug.xcconfig"; path = "Pods/Target Support Files/Pods-YHPhotoBrowser/Pods-YHPhotoBrowser.debug.xcconfig"; sourceTree = "<group>"; };
/* End PBXFileReference section */

/* Begin PBXFrameworksBuildPhase section */
		3F8A34241F90AFDE00B498EA /* Frameworks */ = {
			isa = PBXFrameworksBuildPhase;
			buildActionMask = 2147483647;
			files = (
				06358F664644CADE88A65342 /* libPods-YHPhotoBrowser.a in Frameworks */,
			);
			runOnlyForDeploymentPostprocessing = 0;
		};
		3F8A343C1F90AFDE00B498EA /* Frameworks */ = {
			isa = PBXFrameworksBuildPhase;
			buildActionMask = 2147483647;
			files = (
			);
			runOnlyForDeploymentPostprocessing = 0;
		};
		3F8A34471F90AFDF00B498EA /* Frameworks */ = {
			isa = PBXFrameworksBuildPhase;
			buildActionMask = 2147483647;
			files = (
			);
			runOnlyForDeploymentPostprocessing = 0;
		};
/* End PBXFrameworksBuildPhase section */

/* Begin PBXGroup section */
		3F8A341E1F90AFDE00B498EA = {
			isa = PBXGroup;
			children = (
				3F8A34291F90AFDE00B498EA /* YHPhotoBrowser */,
				3F8A34421F90AFDE00B498EA /* YHPhotoBrowserTests */,
				3F8A344D1F90AFDF00B498EA /* YHPhotoBrowserUITests */,
				3F8A34281F90AFDE00B498EA /* Products */,
				6F85DACD0C9F33B2ACFFEFB8 /* Pods */,
				BA082F3F51CA7732884C2D18 /* Frameworks */,
			);
			sourceTree = "<group>";
		};
		3F8A34281F90AFDE00B498EA /* Products */ = {
			isa = PBXGroup;
			children = (
				3F8A34271F90AFDE00B498EA /* YHPhotoBrowser.app */,
				3F8A343F1F90AFDE00B498EA /* YHPhotoBrowserTests.xctest */,
				3F8A344A1F90AFDF00B498EA /* YHPhotoBrowserUITests.xctest */,
			);
			name = Products;
			sourceTree = "<group>";
		};
		3F8A34291F90AFDE00B498EA /* YHPhotoBrowser */ = {
			isa = PBXGroup;
			children = (
				3F8A345C1F90AFED00B498EA /* YHPhotoBrowser */,
				3F8A342A1F90AFDE00B498EA /* AppDelegate.h */,
				3F8A342B1F90AFDE00B498EA /* AppDelegate.m */,
				3F8A342D1F90AFDE00B498EA /* ViewController.h */,
				3F8A342E1F90AFDE00B498EA /* ViewController.m */,
				3F8A34301F90AFDE00B498EA /* Main.storyboard */,
				3F8A34331F90AFDE00B498EA /* Assets.xcassets */,
				3F8A34351F90AFDE00B498EA /* LaunchScreen.storyboard */,
				3F8A34381F90AFDE00B498EA /* Info.plist */,
				3F8A34391F90AFDE00B498EA /* main.m */,
			);
			path = YHPhotoBrowser;
			sourceTree = "<group>";
		};
		3F8A34421F90AFDE00B498EA /* YHPhotoBrowserTests */ = {
			isa = PBXGroup;
			children = (
				3F8A34431F90AFDF00B498EA /* YHPhotoBrowserTests.m */,
				3F8A34451F90AFDF00B498EA /* Info.plist */,
			);
			path = YHPhotoBrowserTests;
			sourceTree = "<group>";
		};
		3F8A344D1F90AFDF00B498EA /* YHPhotoBrowserUITests */ = {
			isa = PBXGroup;
			children = (
				3F8A344E1F90AFDF00B498EA /* YHPhotoBrowserUITests.m */,
				3F8A34501F90AFDF00B498EA /* Info.plist */,
			);
			path = YHPhotoBrowserUITests;
			sourceTree = "<group>";
		};
		3F8A345C1F90AFED00B498EA /* YHPhotoBrowser */ = {
			isa = PBXGroup;
			children = (
				4B2712AB20A5830E0029A93A /* YHBrowserImageView.h */,
				4B2712A720A5830E0029A93A /* YHBrowserImageView.m */,
				4B2712A820A5830E0029A93A /* YHPhotoBrowser.h */,
				4B2712A920A5830E0029A93A /* YHPhotoBrowser.m */,
				4B2712A620A5830E0029A93A /* YHWebImageLoadView.h */,
				4B2712AA20A5830E0029A93A /* YHWebImageLoadView.m */,
			);
			path = YHPhotoBrowser;
			sourceTree = "<group>";
		};
		6F85DACD0C9F33B2ACFFEFB8 /* Pods */ = {
			isa = PBXGroup;
			children = (
				DCADB3372E4159A55E098E5C /* Pods-YHPhotoBrowser.debug.xcconfig */,
				7FBE82CE08CFFF8BBF8F1EB0 /* Pods-YHPhotoBrowser.release.xcconfig */,
			);
			name = Pods;
			sourceTree = "<group>";
		};
		BA082F3F51CA7732884C2D18 /* Frameworks */ = {
			isa = PBXGroup;
			children = (
				30203BC2B45E4C95F3FF9AE2 /* libPods-YHPhotoBrowser.a */,
			);
			name = Frameworks;
			sourceTree = "<group>";
		};
/* End PBXGroup section */

/* Begin PBXNativeTarget section */
		3F8A34261F90AFDE00B498EA /* YHPhotoBrowser */ = {
			isa = PBXNativeTarget;
			buildConfigurationList = 3F8A34531F90AFDF00B498EA /* Build configuration list for PBXNativeTarget "YHPhotoBrowser" */;
			buildPhases = (
				F38E75B76647C8C3722335C2 /* [CP] Check Pods Manifest.lock */,
				3F8A34231F90AFDE00B498EA /* Sources */,
				3F8A34241F90AFDE00B498EA /* Frameworks */,
				3F8A34251F90AFDE00B498EA /* Resources */,
				15AAC63C2C49061D90A7D4FB /* [CP] Embed Pods Frameworks */,
				C6044D20BD30AC5B274231B9 /* [CP] Copy Pods Resources */,
			);
			buildRules = (
			);
			dependencies = (
			);
			name = YHPhotoBrowser;
			productName = YHPhotoBrowser;
			productReference = 3F8A34271F90AFDE00B498EA /* YHPhotoBrowser.app */;
			productType = "com.apple.product-type.application";
		};
		3F8A343E1F90AFDE00B498EA /* YHPhotoBrowserTests */ = {
			isa = PBXNativeTarget;
			buildConfigurationList = 3F8A34561F90AFDF00B498EA /* Build configuration list for PBXNativeTarget "YHPhotoBrowserTests" */;
			buildPhases = (
				3F8A343B1F90AFDE00B498EA /* Sources */,
				3F8A343C1F90AFDE00B498EA /* Frameworks */,
				3F8A343D1F90AFDE00B498EA /* Resources */,
			);
			buildRules = (
			);
			dependencies = (
				3F8A34411F90AFDE00B498EA /* PBXTargetDependency */,
			);
			name = YHPhotoBrowserTests;
			productName = YHPhotoBrowserTests;
			productReference = 3F8A343F1F90AFDE00B498EA /* YHPhotoBrowserTests.xctest */;
			productType = "com.apple.product-type.bundle.unit-test";
		};
		3F8A34491F90AFDF00B498EA /* YHPhotoBrowserUITests */ = {
			isa = PBXNativeTarget;
			buildConfigurationList = 3F8A34591F90AFDF00B498EA /* Build configuration list for PBXNativeTarget "YHPhotoBrowserUITests" */;
			buildPhases = (
				3F8A34461F90AFDF00B498EA /* Sources */,
				3F8A34471F90AFDF00B498EA /* Frameworks */,
				3F8A34481F90AFDF00B498EA /* Resources */,
			);
			buildRules = (
			);
			dependencies = (
				3F8A344C1F90AFDF00B498EA /* PBXTargetDependency */,
			);
			name = YHPhotoBrowserUITests;
			productName = YHPhotoBrowserUITests;
			productReference = 3F8A344A1F90AFDF00B498EA /* YHPhotoBrowserUITests.xctest */;
			productType = "com.apple.product-type.bundle.ui-testing";
		};
/* End PBXNativeTarget section */

/* Begin PBXProject section */
		3F8A341F1F90AFDE00B498EA /* Project object */ = {
			isa = PBXProject;
			attributes = {
				LastUpgradeCheck = 0900;
				ORGANIZATIONNAME = hua;
				TargetAttributes = {
					3F8A34261F90AFDE00B498EA = {
						CreatedOnToolsVersion = 9.0;
						ProvisioningStyle = Automatic;
					};
					3F8A343E1F90AFDE00B498EA = {
						CreatedOnToolsVersion = 9.0;
						ProvisioningStyle = Automatic;
						TestTargetID = 3F8A34261F90AFDE00B498EA;
					};
					3F8A34491F90AFDF00B498EA = {
						CreatedOnToolsVersion = 9.0;
						ProvisioningStyle = Automatic;
						TestTargetID = 3F8A34261F90AFDE00B498EA;
					};
				};
			};
			buildConfigurationList = 3F8A34221F90AFDE00B498EA /* Build configuration list for PBXProject "YHPhotoBrowser" */;
			compatibilityVersion = "Xcode 8.0";
			developmentRegion = en;
			hasScannedForEncodings = 0;
			knownRegions = (
				en,
				Base,
			);
			mainGroup = 3F8A341E1F90AFDE00B498EA;
			productRefGroup = 3F8A34281F90AFDE00B498EA /* Products */;
			projectDirPath = "";
			projectRoot = "";
			targets = (
				3F8A34261F90AFDE00B498EA /* YHPhotoBrowser */,
				3F8A343E1F90AFDE00B498EA /* YHPhotoBrowserTests */,
				3F8A34491F90AFDF00B498EA /* YHPhotoBrowserUITests */,
			);
		};
/* End PBXProject section */

/* Begin PBXResourcesBuildPhase section */
		3F8A34251F90AFDE00B498EA /* Resources */ = {
			isa = PBXResourcesBuildPhase;
			buildActionMask = 2147483647;
			files = (
				3F8A34371F90AFDE00B498EA /* LaunchScreen.storyboard in Resources */,
				3F8A34341F90AFDE00B498EA /* Assets.xcassets in Resources */,
				3F8A34321F90AFDE00B498EA /* Main.storyboard in Resources */,
			);
			runOnlyForDeploymentPostprocessing = 0;
		};
		3F8A343D1F90AFDE00B498EA /* Resources */ = {
			isa = PBXResourcesBuildPhase;
			buildActionMask = 2147483647;
			files = (
			);
			runOnlyForDeploymentPostprocessing = 0;
		};
		3F8A34481F90AFDF00B498EA /* Resources */ = {
			isa = PBXResourcesBuildPhase;
			buildActionMask = 2147483647;
			files = (
			);
			runOnlyForDeploymentPostprocessing = 0;
		};
/* End PBXResourcesBuildPhase section */

/* Begin PBXShellScriptBuildPhase section */
		15AAC63C2C49061D90A7D4FB /* [CP] Embed Pods Frameworks */ = {
			isa = PBXShellScriptBuildPhase;
			buildActionMask = 2147483647;
			files = (
			);
			inputPaths = (
			);
			name = "[CP] Embed Pods Frameworks";
			outputPaths = (
			);
			runOnlyForDeploymentPostprocessing = 0;
			shellPath = /bin/sh;
			shellScript = "\"${SRCROOT}/Pods/Target Support Files/Pods-YHPhotoBrowser/Pods-YHPhotoBrowser-frameworks.sh\"\n";
			showEnvVarsInLog = 0;
		};
		C6044D20BD30AC5B274231B9 /* [CP] Copy Pods Resources */ = {
			isa = PBXShellScriptBuildPhase;
			buildActionMask = 2147483647;
			files = (
			);
			inputPaths = (
			);
			name = "[CP] Copy Pods Resources";
			outputPaths = (
			);
			runOnlyForDeploymentPostprocessing = 0;
			shellPath = /bin/sh;
			shellScript = "\"${SRCROOT}/Pods/Target Support Files/Pods-YHPhotoBrowser/Pods-YHPhotoBrowser-resources.sh\"\n";
			showEnvVarsInLog = 0;
		};
		F38E75B76647C8C3722335C2 /* [CP] Check Pods Manifest.lock */ = {
			isa = PBXShellScriptBuildPhase;
			buildActionMask = 2147483647;
			files = (
			);
			inputPaths = (
				"${PODS_PODFILE_DIR_PATH}/Podfile.lock",
				"${PODS_ROOT}/Manifest.lock",
			);
			name = "[CP] Check Pods Manifest.lock";
			outputPaths = (
				"$(DERIVED_FILE_DIR)/Pods-YHPhotoBrowser-checkManifestLockResult.txt",
			);
			runOnlyForDeploymentPostprocessing = 0;
			shellPath = /bin/sh;
			shellScript = "diff \"${PODS_PODFILE_DIR_PATH}/Podfile.lock\" \"${PODS_ROOT}/Manifest.lock\" > /dev/null\nif [ $? != 0 ] ; then\n    # print error to STDERR\n    echo \"error: The sandbox is not in sync with the Podfile.lock. Run 'pod install' or update your CocoaPods installation.\" >&2\n    exit 1\nfi\n# This output is used by Xcode 'outputs' to avoid re-running this script phase.\necho \"SUCCESS\" > \"${SCRIPT_OUTPUT_FILE_0}\"\n";
			showEnvVarsInLog = 0;
		};
/* End PBXShellScriptBuildPhase section */

/* Begin PBXSourcesBuildPhase section */
		3F8A34231F90AFDE00B498EA /* Sources */ = {
			isa = PBXSourcesBuildPhase;
			buildActionMask = 2147483647;
			files = (
				3F8A342F1F90AFDE00B498EA /* ViewController.m in Sources */,
				3F8A343A1F90AFDE00B498EA /* main.m in Sources */,
				4B2712AE20A5830E0029A93A /* YHWebImageLoadView.m in Sources */,
				4B2712AC20A5830E0029A93A /* YHBrowserImageView.m in Sources */,
				4B2712AD20A5830E0029A93A /* YHPhotoBrowser.m in Sources */,
				3F8A342C1F90AFDE00B498EA /* AppDelegate.m in Sources */,
			);
			runOnlyForDeploymentPostprocessing = 0;
		};
		3F8A343B1F90AFDE00B498EA /* Sources */ = {
			isa = PBXSourcesBuildPhase;
			buildActionMask = 2147483647;
			files = (
				3F8A34441F90AFDF00B498EA /* YHPhotoBrowserTests.m in Sources */,
			);
			runOnlyForDeploymentPostprocessing = 0;
		};
		3F8A34461F90AFDF00B498EA /* Sources */ = {
			isa = PBXSourcesBuildPhase;
			buildActionMask = 2147483647;
			files = (
				3F8A344F1F90AFDF00B498EA /* YHPhotoBrowserUITests.m in Sources */,
			);
			runOnlyForDeploymentPostprocessing = 0;
		};
/* End PBXSourcesBuildPhase section */

/* Begin PBXTargetDependency section */
		3F8A34411F90AFDE00B498EA /* PBXTargetDependency */ = {
			isa = PBXTargetDependency;
			target = 3F8A34261F90AFDE00B498EA /* YHPhotoBrowser */;
			targetProxy = 3F8A34401F90AFDE00B498EA /* PBXContainerItemProxy */;
		};
		3F8A344C1F90AFDF00B498EA /* PBXTargetDependency */ = {
			isa = PBXTargetDependency;
			target = 3F8A34261F90AFDE00B498EA /* YHPhotoBrowser */;
			targetProxy = 3F8A344B1F90AFDF00B498EA /* PBXContainerItemProxy */;
		};
/* End PBXTargetDependency section */

/* Begin PBXVariantGroup section */
		3F8A34301F90AFDE00B498EA /* Main.storyboard */ = {
			isa = PBXVariantGroup;
			children = (
				3F8A34311F90AFDE00B498EA /* Base */,
			);
			name = Main.storyboard;
			sourceTree = "<group>";
		};
		3F8A34351F90AFDE00B498EA /* LaunchScreen.storyboard */ = {
			isa = PBXVariantGroup;
			children = (
				3F8A34361F90AFDE00B498EA /* Base */,
			);
			name = LaunchScreen.storyboard;
			sourceTree = "<group>";
		};
/* End PBXVariantGroup section */

/* Begin XCBuildConfiguration section */
		3F8A34511F90AFDF00B498EA /* Debug */ = {
			isa = XCBuildConfiguration;
			buildSettings = {
				ALWAYS_SEARCH_USER_PATHS = NO;
				CLANG_ANALYZER_NONNULL = YES;
				CLANG_ANALYZER_NUMBER_OBJECT_CONVERSION = YES_AGGRESSIVE;
				CLANG_CXX_LANGUAGE_STANDARD = "gnu++14";
				CLANG_CXX_LIBRARY = "libc++";
				CLANG_ENABLE_MODULES = YES;
				CLANG_ENABLE_OBJC_ARC = YES;
				CLANG_WARN_BLOCK_CAPTURE_AUTORELEASING = YES;
				CLANG_WARN_BOOL_CONVERSION = YES;
				CLANG_WARN_COMMA = YES;
				CLANG_WARN_CONSTANT_CONVERSION = YES;
				CLANG_WARN_DIRECT_OBJC_ISA_USAGE = YES_ERROR;
				CLANG_WARN_DOCUMENTATION_COMMENTS = YES;
				CLANG_WARN_EMPTY_BODY = YES;
				CLANG_WARN_ENUM_CONVERSION = YES;
				CLANG_WARN_INFINITE_RECURSION = YES;
				CLANG_WARN_INT_CONVERSION = YES;
				CLANG_WARN_NON_LITERAL_NULL_CONVERSION = YES;
				CLANG_WARN_OBJC_LITERAL_CONVERSION = YES;
				CLANG_WARN_OBJC_ROOT_CLASS = YES_ERROR;
				CLANG_WARN_RANGE_LOOP_ANALYSIS = YES;
				CLANG_WARN_STRICT_PROTOTYPES = YES;
				CLANG_WARN_SUSPICIOUS_MOVE = YES;
				CLANG_WARN_UNGUARDED_AVAILABILITY = YES_AGGRESSIVE;
				CLANG_WARN_UNREACHABLE_CODE = YES;
				CLANG_WARN__DUPLICATE_METHOD_MATCH = YES;
				CODE_SIGN_IDENTITY = "iPhone Developer";
				COPY_PHASE_STRIP = NO;
				DEBUG_INFORMATION_FORMAT = dwarf;
				ENABLE_STRICT_OBJC_MSGSEND = YES;
				ENABLE_TESTABILITY = YES;
				GCC_C_LANGUAGE_STANDARD = gnu11;
				GCC_DYNAMIC_NO_PIC = NO;
				GCC_NO_COMMON_BLOCKS = YES;
				GCC_OPTIMIZATION_LEVEL = 0;
				GCC_PREPROCESSOR_DEFINITIONS = (
					"DEBUG=1",
					"$(inherited)",
				);
				GCC_WARN_64_TO_32_BIT_CONVERSION = YES;
				GCC_WARN_ABOUT_RETURN_TYPE = YES_ERROR;
				GCC_WARN_UNDECLARED_SELECTOR = YES;
				GCC_WARN_UNINITIALIZED_AUTOS = YES_AGGRESSIVE;
				GCC_WARN_UNUSED_FUNCTION = YES;
				GCC_WARN_UNUSED_VARIABLE = YES;
				IPHONEOS_DEPLOYMENT_TARGET = 11.0;
				MTL_ENABLE_DEBUG_INFO = YES;
				ONLY_ACTIVE_ARCH = YES;
				SDKROOT = iphoneos;
			};
			name = Debug;
		};
		3F8A34521F90AFDF00B498EA /* Release */ = {
			isa = XCBuildConfiguration;
			buildSettings = {
				ALWAYS_SEARCH_USER_PATHS = NO;
				CLANG_ANALYZER_NONNULL = YES;
				CLANG_ANALYZER_NUMBER_OBJECT_CONVERSION = YES_AGGRESSIVE;
				CLANG_CXX_LANGUAGE_STANDARD = "gnu++14";
				CLANG_CXX_LIBRARY = "libc++";
				CLANG_ENABLE_MODULES = YES;
				CLANG_ENABLE_OBJC_ARC = YES;
				CLANG_WARN_BLOCK_CAPTURE_AUTORELEASING = YES;
				CLANG_WARN_BOOL_CONVERSION = YES;
				CLANG_WARN_COMMA = YES;
				CLANG_WARN_CONSTANT_CONVERSION = YES;
				CLANG_WARN_DIRECT_OBJC_ISA_USAGE = YES_ERROR;
				CLANG_WARN_DOCUMENTATION_COMMENTS = YES;
				CLANG_WARN_EMPTY_BODY = YES;
				CLANG_WARN_ENUM_CONVERSION = YES;
				CLANG_WARN_INFINITE_RECURSION = YES;
				CLANG_WARN_INT_CONVERSION = YES;
				CLANG_WARN_NON_LITERAL_NULL_CONVERSION = YES;
				CLANG_WARN_OBJC_LITERAL_CONVERSION = YES;
				CLANG_WARN_OBJC_ROOT_CLASS = YES_ERROR;
				CLANG_WARN_RANGE_LOOP_ANALYSIS = YES;
				CLANG_WARN_STRICT_PROTOTYPES = YES;
				CLANG_WARN_SUSPICIOUS_MOVE = YES;
				CLANG_WARN_UNGUARDED_AVAILABILITY = YES_AGGRESSIVE;
				CLANG_WARN_UNREACHABLE_CODE = YES;
				CLANG_WARN__DUPLICATE_METHOD_MATCH = YES;
				CODE_SIGN_IDENTITY = "iPhone Developer";
				COPY_PHASE_STRIP = NO;
				DEBUG_INFORMATION_FORMAT = "dwarf-with-dsym";
				ENABLE_NS_ASSERTIONS = NO;
				ENABLE_STRICT_OBJC_MSGSEND = YES;
				GCC_C_LANGUAGE_STANDARD = gnu11;
				GCC_NO_COMMON_BLOCKS = YES;
				GCC_WARN_64_TO_32_BIT_CONVERSION = YES;
				GCC_WARN_ABOUT_RETURN_TYPE = YES_ERROR;
				GCC_WARN_UNDECLARED_SELECTOR = YES;
				GCC_WARN_UNINITIALIZED_AUTOS = YES_AGGRESSIVE;
				GCC_WARN_UNUSED_FUNCTION = YES;
				GCC_WARN_UNUSED_VARIABLE = YES;
				IPHONEOS_DEPLOYMENT_TARGET = 11.0;
				MTL_ENABLE_DEBUG_INFO = NO;
				SDKROOT = iphoneos;
				VALIDATE_PRODUCT = YES;
			};
			name = Release;
		};
		3F8A34541F90AFDF00B498EA /* Debug */ = {
			isa = XCBuildConfiguration;
			baseConfigurationReference = DCADB3372E4159A55E098E5C /* Pods-YHPhotoBrowser.debug.xcconfig */;
			buildSettings = {
				ASSETCATALOG_COMPILER_APPICON_NAME = AppIcon;
				CODE_SIGN_STYLE = Automatic;
				DEVELOPMENT_TEAM = 9DV836NYMJ;
				INFOPLIST_FILE = YHPhotoBrowser/Info.plist;
				IPHONEOS_DEPLOYMENT_TARGET = 8.0;
				LD_RUNPATH_SEARCH_PATHS = "$(inherited) @executable_path/Frameworks";
				PRODUCT_BUNDLE_IDENTIFIER = com.hua.YHPhotoBrowser;
				PRODUCT_NAME = "$(TARGET_NAME)";
				TARGETED_DEVICE_FAMILY = "1,2";
			};
			name = Debug;
		};
		3F8A34551F90AFDF00B498EA /* Release */ = {
			isa = XCBuildConfiguration;
			baseConfigurationReference = 7FBE82CE08CFFF8BBF8F1EB0 /* Pods-YHPhotoBrowser.release.xcconfig */;
			buildSettings = {
				ASSETCATALOG_COMPILER_APPICON_NAME = AppIcon;
				CODE_SIGN_STYLE = Automatic;
				DEVELOPMENT_TEAM = 9DV836NYMJ;
				INFOPLIST_FILE = YHPhotoBrowser/Info.plist;
				IPHONEOS_DEPLOYMENT_TARGET = 8.0;
				LD_RUNPATH_SEARCH_PATHS = "$(inherited) @executable_path/Frameworks";
				PRODUCT_BUNDLE_IDENTIFIER = com.hua.YHPhotoBrowser;
				PRODUCT_NAME = "$(TARGET_NAME)";
				TARGETED_DEVICE_FAMILY = "1,2";
			};
			name = Release;
		};
		3F8A34571F90AFDF00B498EA /* Debug */ = {
			isa = XCBuildConfiguration;
			buildSettings = {
				BUNDLE_LOADER = "$(TEST_HOST)";
				CODE_SIGN_STYLE = Automatic;
				INFOPLIST_FILE = YHPhotoBrowserTests/Info.plist;
				LD_RUNPATH_SEARCH_PATHS = "$(inherited) @executable_path/Frameworks @loader_path/Frameworks";
				PRODUCT_BUNDLE_IDENTIFIER = com.hua.YHPhotoBrowserTests;
				PRODUCT_NAME = "$(TARGET_NAME)";
				TARGETED_DEVICE_FAMILY = "1,2";
				TEST_HOST = "$(BUILT_PRODUCTS_DIR)/YHPhotoBrowser.app/YHPhotoBrowser";
			};
			name = Debug;
		};
		3F8A34581F90AFDF00B498EA /* Release */ = {
			isa = XCBuildConfiguration;
			buildSettings = {
				BUNDLE_LOADER = "$(TEST_HOST)";
				CODE_SIGN_STYLE = Automatic;
				INFOPLIST_FILE = YHPhotoBrowserTests/Info.plist;
				LD_RUNPATH_SEARCH_PATHS = "$(inherited) @executable_path/Frameworks @loader_path/Frameworks";
				PRODUCT_BUNDLE_IDENTIFIER = com.hua.YHPhotoBrowserTests;
				PRODUCT_NAME = "$(TARGET_NAME)";
				TARGETED_DEVICE_FAMILY = "1,2";
				TEST_HOST = "$(BUILT_PRODUCTS_DIR)/YHPhotoBrowser.app/YHPhotoBrowser";
			};
			name = Release;
		};
		3F8A345A1F90AFDF00B498EA /* Debug */ = {
			isa = XCBuildConfiguration;
			buildSettings = {
				CODE_SIGN_STYLE = Automatic;
				INFOPLIST_FILE = YHPhotoBrowserUITests/Info.plist;
				LD_RUNPATH_SEARCH_PATHS = "$(inherited) @executable_path/Frameworks @loader_path/Frameworks";
				PRODUCT_BUNDLE_IDENTIFIER = com.hua.YHPhotoBrowserUITests;
				PRODUCT_NAME = "$(TARGET_NAME)";
				TARGETED_DEVICE_FAMILY = "1,2";
				TEST_TARGET_NAME = YHPhotoBrowser;
			};
			name = Debug;
		};
		3F8A345B1F90AFDF00B498EA /* Release */ = {
			isa = XCBuildConfiguration;
			buildSettings = {
				CODE_SIGN_STYLE = Automatic;
				INFOPLIST_FILE = YHPhotoBrowserUITests/Info.plist;
				LD_RUNPATH_SEARCH_PATHS = "$(inherited) @executable_path/Frameworks @loader_path/Frameworks";
				PRODUCT_BUNDLE_IDENTIFIER = com.hua.YHPhotoBrowserUITests;
				PRODUCT_NAME = "$(TARGET_NAME)";
				TARGETED_DEVICE_FAMILY = "1,2";
				TEST_TARGET_NAME = YHPhotoBrowser;
			};
			name = Release;
		};
/* End XCBuildConfiguration section */

/* Begin XCConfigurationList section */
		3F8A34221F90AFDE00B498EA /* Build configuration list for PBXProject "YHPhotoBrowser" */ = {
			isa = XCConfigurationList;
			buildConfigurations = (
				3F8A34511F90AFDF00B498EA /* Debug */,
				3F8A34521F90AFDF00B498EA /* Release */,
			);
			defaultConfigurationIsVisible = 0;
			defaultConfigurationName = Release;
		};
		3F8A34531F90AFDF00B498EA /* Build configuration list for PBXNativeTarget "YHPhotoBrowser" */ = {
			isa = XCConfigurationList;
			buildConfigurations = (
				3F8A34541F90AFDF00B498EA /* Debug */,
				3F8A34551F90AFDF00B498EA /* Release */,
			);
			defaultConfigurationIsVisible = 0;
			defaultConfigurationName = Release;
		};
		3F8A34561F90AFDF00B498EA /* Build configuration list for PBXNativeTarget "YHPhotoBrowserTests" */ = {
			isa = XCConfigurationList;
			buildConfigurations = (
				3F8A34571F90AFDF00B498EA /* Debug */,
				3F8A34581F90AFDF00B498EA /* Release */,
			);
			defaultConfigurationIsVisible = 0;
			defaultConfigurationName = Release;
		};
		3F8A34591F90AFDF00B498EA /* Build configuration list for PBXNativeTarget "YHPhotoBrowserUITests" */ = {
			isa = XCConfigurationList;
			buildConfigurations = (
				3F8A345A1F90AFDF00B498EA /* Debug */,
				3F8A345B1F90AFDF00B498EA /* Release */,
			);
			defaultConfigurationIsVisible = 0;
			defaultConfigurationName = Release;
		};
/* End XCConfigurationList section */
	};
	rootObject = 3F8A341F1F90AFDE00B498EA /* Project object */;
}
